{
    "name": "pandyle",
    "version": "0.1.0",
    "lockfileVersion": 1,
    "requires": true,
    "dependencies": {
        "@types/jquery": {
            "version": "3.2.16",
            "resolved": "http://registry.npm.taobao.org/@types/jquery/download/@types/jquery-3.2.16.tgz",
            "integrity": "sha1-BEGcQEoxlDUOfT8zmpDnLIjbMRE="
        },
        "jquery": {
            "version": "3.2.1",
            "resolved": "http://registry.npm.taobao.org/jquery/download/jquery-3.2.1.tgz",
            "integrity": "sha1-XE2d5lKvbNCncBVKYxu6ErAVx4c="
        }
    }
}
