{
    "name": "pandyle",
    "version": "1.2.0",
    "lockfileVersion": 1,
    "requires": true,
    "dependencies": {
        "@types/jquery": {
            "version": "3.3.29",
            "resolved": "https://registry.npm.taobao.org/@types/jquery/download/@types/jquery-3.3.29.tgz",
            "integrity": "sha1-aAoiGc48klBINyL8z1Vw0eLQir0=",
            "requires": {
                "@types/sizzle": "2.3.2"
            }
        },
        "@types/sizzle": {
            "version": "2.3.2",
            "resolved": "https://registry.npm.taobao.org/@types/sizzle/download/@types/sizzle-2.3.2.tgz",
            "integrity": "sha1-qBG4wY4rq6t9VCszZYh64uTZ3kc="
        },
        "jquery": {
            "version": "3.4.1",
            "resolved": "https://registry.npm.taobao.org/jquery/download/jquery-3.4.1.tgz",
            "integrity": "sha1-cU8fjZ3eS9+lV2S6N+8hRjDYDvI="
        }
    }
}
